
Microsoft Visual Studio Solution File, Format Version 12.00
# Visual Studio Version 17
VisualStudioVersion = 17.11.35222.181
MinimumVisualStudioVersion = 10.0.40219.1
Project("{9A19103F-16F7-4668-BE54-9A1E7A4F7556}") = "Blossom_BusinessObjects", "Blossom_BusinessObjects\Blossom_BusinessObjects.csproj", "{2087C1D2-348B-404C-AC3B-553E82A57B4A}"
EndProject
Project("{9A19103F-16F7-4668-BE54-9A1E7A4F7556}") = "Blossom_DAOs", "Blossom_DAOs\Blossom_DAOs.csproj", "{BD025E37-BEC6-4C2A-BAAF-81F8515FAA0B}"
EndProject
Project("{9A19103F-16F7-4668-BE54-9A1E7A4F7556}") = "Blossom_Repositories", "Blossom_Repositories\Blossom_Repositories.csproj", "{6F72A659-2C1F-4538-BBA6-3DDEF9BA92F2}"
EndProject
Project("{9A19103F-16F7-4668-BE54-9A1E7A4F7556}") = "Blossom_Services", "Blossom_Services\Blossom_Services.csproj", "{1618B239-3D54-4D6E-BBBB-333B0BC9128A}"
EndProject
Project("{9A19103F-16F7-4668-BE54-9A1E7A4F7556}") = "Blossom_RazorWeb", "Blossom_RazorWeb\Blossom_RazorWeb.csproj", "{4038345D-5604-49ED-8F82-99F5192F2B5C}"
EndProject
Global
	GlobalSection(SolutionConfigurationPlatforms) = preSolution
		Debug|Any CPU = Debug|Any CPU
		Release|Any CPU = Release|Any CPU
	EndGlobalSection
	GlobalSection(ProjectConfigurationPlatforms) = postSolution
		{2087C1D2-348B-404C-AC3B-553E82A57B4A}.Debug|Any CPU.ActiveCfg = Debug|Any CPU
		{2087C1D2-348B-404C-AC3B-553E82A57B4A}.Debug|Any CPU.Build.0 = Debug|Any CPU
		{2087C1D2-348B-404C-AC3B-553E82A57B4A}.Release|Any CPU.ActiveCfg = Release|Any CPU
		{2087C1D2-348B-404C-AC3B-553E82A57B4A}.Release|Any CPU.Build.0 = Release|Any CPU
		{BD025E37-BEC6-4C2A-BAAF-81F8515FAA0B}.Debug|Any CPU.ActiveCfg = Debug|Any CPU
		{BD025E37-BEC6-4C2A-BAAF-81F8515FAA0B}.Debug|Any CPU.Build.0 = Debug|Any CPU
		{BD025E37-BEC6-4C2A-BAAF-81F8515FAA0B}.Release|Any CPU.ActiveCfg = Release|Any CPU
		{BD025E37-BEC6-4C2A-BAAF-81F8515FAA0B}.Release|Any CPU.Build.0 = Release|Any CPU
		{6F72A659-2C1F-4538-BBA6-3DDEF9BA92F2}.Debug|Any CPU.ActiveCfg = Debug|Any CPU
		{6F72A659-2C1F-4538-BBA6-3DDEF9BA92F2}.Debug|Any CPU.Build.0 = Debug|Any CPU
		{6F72A659-2C1F-4538-BBA6-3DDEF9BA92F2}.Release|Any CPU.ActiveCfg = Release|Any CPU
		{6F72A659-2C1F-4538-BBA6-3DDEF9BA92F2}.Release|Any CPU.Build.0 = Release|Any CPU
		{1618B239-3D54-4D6E-BBBB-333B0BC9128A}.Debug|Any CPU.ActiveCfg = Debug|Any CPU
		{1618B239-3D54-4D6E-BBBB-333B0BC9128A}.Debug|Any CPU.Build.0 = Debug|Any CPU
		{1618B239-3D54-4D6E-BBBB-333B0BC9128A}.Release|Any CPU.ActiveCfg = Release|Any CPU
		{1618B239-3D54-4D6E-BBBB-333B0BC9128A}.Release|Any CPU.Build.0 = Release|Any CPU
		{4038345D-5604-49ED-8F82-99F5192F2B5C}.Debug|Any CPU.ActiveCfg = Debug|Any CPU
		{4038345D-5604-49ED-8F82-99F5192F2B5C}.Debug|Any CPU.Build.0 = Debug|Any CPU
		{4038345D-5604-49ED-8F82-99F5192F2B5C}.Release|Any CPU.ActiveCfg = Release|Any CPU
		{4038345D-5604-49ED-8F82-99F5192F2B5C}.Release|Any CPU.Build.0 = Release|Any CPU
	EndGlobalSection
	GlobalSection(SolutionProperties) = preSolution
		HideSolutionNode = FALSE
	EndGlobalSection
	GlobalSection(ExtensibilityGlobals) = postSolution
		SolutionGuid = {4D2E30FA-9329-4984-A237-3A7103C2A607}
	EndGlobalSection
EndGlobal
